{
  "name": "grpc-nestjs",
  "version": "1.0.0",
  "lockfileVersion": 1,
  "requires": true,
  "dependencies": {
    "@improbable-eng/grpc-web": {
      "version": "0.9.1",
      "resolved": "https://registry.npmjs.org/@improbable-eng/grpc-web/-/grpc-web-0.9.1.tgz",
      "integrity": "sha512-KAF0C1ev6fqTF4gC5Bwj4yB1L3Z17oCJe5teNFkETBuDyUKSf/0k9WaBiV/DsIXI3ulv4lA4qEOB4PO9jd0X7w==",
      "requires": {
        "browser-headers": "^0.4.0"
      }
    },
    "browser-headers": {
      "version": "0.4.1",
      "resolved": "https://registry.npmjs.org/browser-headers/-/browser-headers-0.4.1.tgz",
      "integrity": "sha512-CA9hsySZVo9371qEHjHZtYxV2cFtVj5Wj/ZHi8ooEsrtm4vOnl9Y9HmyYWk9q+05d7K3rdoAE0j3MVEFVvtQtg=="
    },
    "google-protobuf": {
      "version": "3.7.1",
      "resolved": "https://registry.npmjs.org/google-protobuf/-/google-protobuf-3.7.1.tgz",
      "integrity": "sha512-6fvlUey6cNKtWSEn1bt4CT4wc2EID1fVluHS1dOnqIlxyIu3cBid2BvWE8Rwl6wN+hRTgiAKhfyydAGV/weZYQ=="
    },
    "ts-protoc-gen": {
      "version": "0.9.0",
      "resolved": "https://registry.npmjs.org/ts-protoc-gen/-/ts-protoc-gen-0.9.0.tgz",
      "integrity": "sha512-cFEUTY9U9o6C4DPPfMHk2ZUdIAKL91hZN1fyx5Stz3g56BDVOC7hk+r5fEMCAGaaIgi2akkT1a2hrxu1wo2Phg=="
    }
  }
}
